
Microsoft Visual Studio Solution File, Format Version 12.00
# Visual Studio Version 17
VisualStudioVersion = 17.7.34024.191
MinimumVisualStudioVersion = 10.0.40219.1
Project("{FAE04EC0-301F-11D3-BF4B-00C04F79EFBC}") = "lab7", "lab7.csproj", "{795120B2-8B5C-4ADD-9CA5-31BF52CE12A3}"
EndProject
Global
	GlobalSection(SolutionConfigurationPlatforms) = preSolution
		Debug|Any CPU = Debug|Any CPU
		Release|Any CPU = Release|Any CPU
	EndGlobalSection
	GlobalSection(ProjectConfigurationPlatforms) = postSolution
		{795120B2-8B5C-4ADD-9CA5-31BF52CE12A3}.Debug|Any CPU.ActiveCfg = Debug|Any CPU
		{795120B2-8B5C-4ADD-9CA5-31BF52CE12A3}.Debug|Any CPU.Build.0 = Debug|Any CPU
		{795120B2-8B5C-4ADD-9CA5-31BF52CE12A3}.Release|Any CPU.ActiveCfg = Release|Any CPU
		{795120B2-8B5C-4ADD-9CA5-31BF52CE12A3}.Release|Any CPU.Build.0 = Release|Any CPU
	EndGlobalSection
	GlobalSection(SolutionProperties) = preSolution
		HideSolutionNode = FALSE
	EndGlobalSection
	GlobalSection(ExtensibilityGlobals) = postSolution
		SolutionGuid = {495BC3F1-E5FA-4589-BA18-3ABD1973789E}
	EndGlobalSection
EndGlobal
